
Microsoft Visual Studio Solution File, Format Version 12.00
# Visual Studio Version 17
VisualStudioVersion = 17.2.32616.157
MinimumVisualStudioVersion = 10.0.40219.1
Project("{9A19103F-16F7-4668-BE54-9A1E7A4F7556}") = "OTBHolidaySearchAPP", "OTBHolidaySearchAPP\OTBHolidaySearchAPP.csproj", "{89C6CF3D-7311-4837-A236-BE7583383BC4}"
EndProject
Project("{2150E333-8FDC-42A3-9474-1A3956D46DE8}") = "Solution Items", "Solution Items", "{A773C17F-07C3-4BA6-8FEE-F0D8D649BE71}"
	ProjectSection(SolutionItems) = preProject
		.editorconfig = .editorconfig
	EndProjectSection
EndProject
Project("{9A19103F-16F7-4668-BE54-9A1E7A4F7556}") = "OTBHolidaySearchAPPTests", "Test\OTBHolidaySearchAPPTests.csproj", "{5DD84AFE-7599-4F14-AB7B-B74BAFC14EF7}"
EndProject
Global
	GlobalSection(SolutionConfigurationPlatforms) = preSolution
		Debug|Any CPU = Debug|Any CPU
		Release|Any CPU = Release|Any CPU
	EndGlobalSection
	GlobalSection(ProjectConfigurationPlatforms) = postSolution
		{89C6CF3D-7311-4837-A236-BE7583383BC4}.Debug|Any CPU.ActiveCfg = Debug|Any CPU
		{89C6CF3D-7311-4837-A236-BE7583383BC4}.Debug|Any CPU.Build.0 = Debug|Any CPU
		{89C6CF3D-7311-4837-A236-BE7583383BC4}.Release|Any CPU.ActiveCfg = Release|Any CPU
		{89C6CF3D-7311-4837-A236-BE7583383BC4}.Release|Any CPU.Build.0 = Release|Any CPU
		{5DD84AFE-7599-4F14-AB7B-B74BAFC14EF7}.Debug|Any CPU.ActiveCfg = Debug|Any CPU
		{5DD84AFE-7599-4F14-AB7B-B74BAFC14EF7}.Debug|Any CPU.Build.0 = Debug|Any CPU
		{5DD84AFE-7599-4F14-AB7B-B74BAFC14EF7}.Release|Any CPU.ActiveCfg = Release|Any CPU
		{5DD84AFE-7599-4F14-AB7B-B74BAFC14EF7}.Release|Any CPU.Build.0 = Release|Any CPU
	EndGlobalSection
	GlobalSection(SolutionProperties) = preSolution
		HideSolutionNode = FALSE
	EndGlobalSection
	GlobalSection(ExtensibilityGlobals) = postSolution
		SolutionGuid = {75BD2AEC-FFF4-4D45-9132-B34CEA2912C5}
	EndGlobalSection
EndGlobal
